
Microsoft Visual Studio Solution File, Format Version 12.00
# Visual Studio Version 17
VisualStudioVersion = 17.0.31903.59
MinimumVisualStudioVersion = 10.0.40219.1
Project("{FAE04EC0-301F-11D3-BF4B-00C04F79EFBC}") = "Queue", "Queue\Queue.csproj", "{7F2AB8D6-7B8F-4F0F-B1CB-2BED94A001A8}"
EndProject
Project("{FAE04EC0-301F-11D3-BF4B-00C04F79EFBC}") = "Stack", "Stack\Stack.csproj", "{94A6802E-3DF4-4ABE-8F77-C08F875ADF78}"
EndProject
Project("{FAE04EC0-301F-11D3-BF4B-00C04F79EFBC}") = "Tree", "Tree\Tree.csproj", "{E41363CC-8018-435A-8C9C-9D3312BF1CC7}"
EndProject
Global
	GlobalSection(SolutionConfigurationPlatforms) = preSolution
		Debug|Any CPU = Debug|Any CPU
		Debug|x64 = Debug|x64
		Debug|x86 = Debug|x86
		Release|Any CPU = Release|Any CPU
		Release|x64 = Release|x64
		Release|x86 = Release|x86
	EndGlobalSection
	GlobalSection(ProjectConfigurationPlatforms) = postSolution
		{7F2AB8D6-7B8F-4F0F-B1CB-2BED94A001A8}.Debug|Any CPU.ActiveCfg = Debug|Any CPU
		{7F2AB8D6-7B8F-4F0F-B1CB-2BED94A001A8}.Debug|Any CPU.Build.0 = Debug|Any CPU
		{7F2AB8D6-7B8F-4F0F-B1CB-2BED94A001A8}.Debug|x64.ActiveCfg = Debug|Any CPU
		{7F2AB8D6-7B8F-4F0F-B1CB-2BED94A001A8}.Debug|x64.Build.0 = Debug|Any CPU
		{7F2AB8D6-7B8F-4F0F-B1CB-2BED94A001A8}.Debug|x86.ActiveCfg = Debug|Any CPU
		{7F2AB8D6-7B8F-4F0F-B1CB-2BED94A001A8}.Debug|x86.Build.0 = Debug|Any CPU
		{7F2AB8D6-7B8F-4F0F-B1CB-2BED94A001A8}.Release|Any CPU.ActiveCfg = Release|Any CPU
		{7F2AB8D6-7B8F-4F0F-B1CB-2BED94A001A8}.Release|Any CPU.Build.0 = Release|Any CPU
		{7F2AB8D6-7B8F-4F0F-B1CB-2BED94A001A8}.Release|x64.ActiveCfg = Release|Any CPU
		{7F2AB8D6-7B8F-4F0F-B1CB-2BED94A001A8}.Release|x64.Build.0 = Release|Any CPU
		{7F2AB8D6-7B8F-4F0F-B1CB-2BED94A001A8}.Release|x86.ActiveCfg = Release|Any CPU
		{7F2AB8D6-7B8F-4F0F-B1CB-2BED94A001A8}.Release|x86.Build.0 = Release|Any CPU
		{94A6802E-3DF4-4ABE-8F77-C08F875ADF78}.Debug|Any CPU.ActiveCfg = Debug|Any CPU
		{94A6802E-3DF4-4ABE-8F77-C08F875ADF78}.Debug|Any CPU.Build.0 = Debug|Any CPU
		{94A6802E-3DF4-4ABE-8F77-C08F875ADF78}.Debug|x64.ActiveCfg = Debug|Any CPU
		{94A6802E-3DF4-4ABE-8F77-C08F875ADF78}.Debug|x64.Build.0 = Debug|Any CPU
		{94A6802E-3DF4-4ABE-8F77-C08F875ADF78}.Debug|x86.ActiveCfg = Debug|Any CPU
		{94A6802E-3DF4-4ABE-8F77-C08F875ADF78}.Debug|x86.Build.0 = Debug|Any CPU
		{94A6802E-3DF4-4ABE-8F77-C08F875ADF78}.Release|Any CPU.ActiveCfg = Release|Any CPU
		{94A6802E-3DF4-4ABE-8F77-C08F875ADF78}.Release|Any CPU.Build.0 = Release|Any CPU
		{94A6802E-3DF4-4ABE-8F77-C08F875ADF78}.Release|x64.ActiveCfg = Release|Any CPU
		{94A6802E-3DF4-4ABE-8F77-C08F875ADF78}.Release|x64.Build.0 = Release|Any CPU
		{94A6802E-3DF4-4ABE-8F77-C08F875ADF78}.Release|x86.ActiveCfg = Release|Any CPU
		{94A6802E-3DF4-4ABE-8F77-C08F875ADF78}.Release|x86.Build.0 = Release|Any CPU
		{E41363CC-8018-435A-8C9C-9D3312BF1CC7}.Debug|Any CPU.ActiveCfg = Debug|Any CPU
		{E41363CC-8018-435A-8C9C-9D3312BF1CC7}.Debug|Any CPU.Build.0 = Debug|Any CPU
		{E41363CC-8018-435A-8C9C-9D3312BF1CC7}.Debug|x64.ActiveCfg = Debug|Any CPU
		{E41363CC-8018-435A-8C9C-9D3312BF1CC7}.Debug|x64.Build.0 = Debug|Any CPU
		{E41363CC-8018-435A-8C9C-9D3312BF1CC7}.Debug|x86.ActiveCfg = Debug|Any CPU
		{E41363CC-8018-435A-8C9C-9D3312BF1CC7}.Debug|x86.Build.0 = Debug|Any CPU
		{E41363CC-8018-435A-8C9C-9D3312BF1CC7}.Release|Any CPU.ActiveCfg = Release|Any CPU
		{E41363CC-8018-435A-8C9C-9D3312BF1CC7}.Release|Any CPU.Build.0 = Release|Any CPU
		{E41363CC-8018-435A-8C9C-9D3312BF1CC7}.Release|x64.ActiveCfg = Release|Any CPU
		{E41363CC-8018-435A-8C9C-9D3312BF1CC7}.Release|x64.Build.0 = Release|Any CPU
		{E41363CC-8018-435A-8C9C-9D3312BF1CC7}.Release|x86.ActiveCfg = Release|Any CPU
		{E41363CC-8018-435A-8C9C-9D3312BF1CC7}.Release|x86.Build.0 = Release|Any CPU
	EndGlobalSection
	GlobalSection(SolutionProperties) = preSolution
		HideSolutionNode = FALSE
	EndGlobalSection
EndGlobal
